
Microsoft Visual Studio Solution File, Format Version 12.00
# Visual Studio Version 17
VisualStudioVersion = 17.6.33829.357
MinimumVisualStudioVersion = 10.0.40219.1
Project("{FAE04EC0-301F-11D3-BF4B-00C04F79EFBC}") = "MongoDBManager", "MongoDBManager.csproj", "{2A3CB7E6-896C-4506-BC06-55D59F170210}"
EndProject
Global
	GlobalSection(SolutionConfigurationPlatforms) = preSolution
		Debug|Any CPU = Debug|Any CPU
		Release|Any CPU = Release|Any CPU
	EndGlobalSection
	GlobalSection(ProjectConfigurationPlatforms) = postSolution
		{2A3CB7E6-896C-4506-BC06-55D59F170210}.Debug|Any CPU.ActiveCfg = Debug|Any CPU
		{2A3CB7E6-896C-4506-BC06-55D59F170210}.Debug|Any CPU.Build.0 = Debug|Any CPU
		{2A3CB7E6-896C-4506-BC06-55D59F170210}.Release|Any CPU.ActiveCfg = Release|Any CPU
		{2A3CB7E6-896C-4506-BC06-55D59F170210}.Release|Any CPU.Build.0 = Release|Any CPU
	EndGlobalSection
	GlobalSection(SolutionProperties) = preSolution
		HideSolutionNode = FALSE
	EndGlobalSection
	GlobalSection(ExtensibilityGlobals) = postSolution
		SolutionGuid = {1AEE7EA0-E0DF-4051-8D3E-1AA40CA2EF3E}
	EndGlobalSection
EndGlobal
